
Microsoft Visual Studio Solution File, Format Version 12.00
# Visual Studio Version 16
VisualStudioVersion = 16.0.31410.357
MinimumVisualStudioVersion = 10.0.40219.1
Project("{FAE04EC0-301F-11D3-BF4B-00C04F79EFBC}") = "ApiPontosTuristicos", "ApiPontosTuristicos\ApiPontosTuristicos.csproj", "{B1DBDB60-FB16-4B9B-8467-3E8948D2728E}"
EndProject
Global
	GlobalSection(SolutionConfigurationPlatforms) = preSolution
		Debug|Any CPU = Debug|Any CPU
		Release|Any CPU = Release|Any CPU
	EndGlobalSection
	GlobalSection(ProjectConfigurationPlatforms) = postSolution
		{B1DBDB60-FB16-4B9B-8467-3E8948D2728E}.Debug|Any CPU.ActiveCfg = Debug|Any CPU
		{B1DBDB60-FB16-4B9B-8467-3E8948D2728E}.Debug|Any CPU.Build.0 = Debug|Any CPU
		{B1DBDB60-FB16-4B9B-8467-3E8948D2728E}.Release|Any CPU.ActiveCfg = Release|Any CPU
		{B1DBDB60-FB16-4B9B-8467-3E8948D2728E}.Release|Any CPU.Build.0 = Release|Any CPU
	EndGlobalSection
	GlobalSection(SolutionProperties) = preSolution
		HideSolutionNode = FALSE
	EndGlobalSection
	GlobalSection(ExtensibilityGlobals) = postSolution
		SolutionGuid = {39752BD5-2409-4ACF-8312-C8A0889DE969}
	EndGlobalSection
EndGlobal
